{
  "name": "wordmapper-wordlist",
  "lockfileVersion": 3,
  "requires": true,
  "packages": {
    "": {
      "name": "wordmapper-wordlist",
      "dependencies": {
        "american-british-english-translator": "^0.2.1",
        "an-array-of-english-words": "^2.0.0",
        "cmu-pronouncing-dictionary": "^3.0.0",
        "naughty-words": "^1.2.0",
        "profane-words": "^1.5.0",
        "stopword": "^3.0.0",
        "wordnet-db": "^3.1.0"
      }
    },
    "node_modules/american-british-english-translator": {
      "version": "0.2.1",
      "resolved": "https://registry.npmjs.org/american-british-english-translator/-/american-british-english-translator-0.2.1.tgz",
      "integrity": "sha512-G+RQd2Hn4cfsVrA0QRGOZYp4LgU5SIMTNBOWXI2FKMFljixGbMcO7oAXjwRZfzJ0iJJbAeLEGNwpTH4xSbQpLA==",
      "license": "MIT",
      "dependencies": {
        "minimist": "^1.2.5",
        "prettyjson": "^1.2.1"
      },
      "bin": {
        "english-translate": "bin/english-translate"
      }
    },
    "node_modules/an-array-of-english-words": {
      "version": "2.0.0",
      "resolved": "https://registry.npmjs.org/an-array-of-english-words/-/an-array-of-english-words-2.0.0.tgz",
      "integrity": "sha512-FXnNvZSOI27kkKXeLSquhaTGP7z198UOQ4txaYO9fCfrjCh+D5SV7G7XqzEH0229+pAi4cjBEZ4WIQYgjKtO7Q==",
      "license": "MIT",
      "bin": {
        "an-array-of-english-words": "cli.js",
        "words": "cli.js"
      }
    },
    "node_modules/cmu-pronouncing-dictionary": {
      "version": "3.0.0",
      "resolved": "https://registry.npmjs.org/cmu-pronouncing-dictionary/-/cmu-pronouncing-dictionary-3.0.0.tgz",
      "integrity": "sha512-6y5X4OxsYFnHERo6WSVPnLrk53G07MOQ8aUb2z555JgwynpbZsHR0a//WdN6DUcmE1j2auTF2TtL4PpoKze8QQ==",
      "license": "ISC"
    },
    "node_modules/colors": {
      "version": "1.4.0",
      "resolved": "https://registry.npmjs.org/colors/-/colors-1.4.0.tgz",
      "integrity": "sha512-a+UqTh4kgZg/SlGvfbzDHpgRu7AAQOmmqRHJnxhRZICKFUT91brVhNNt58CMWU9PsBbv3PDCZUHbVxuDiH2mtA==",
      "license": "MIT",
      "engines": {
        "node": ">=0.1.90"
      }
    },
    "node_modules/minimist": {
      "version": "1.2.8",
      "resolved": "https://registry.npmjs.org/minimist/-/minimist-1.2.8.tgz",
      "integrity": "sha512-2yyAR8qBkN3YuheJanUpWC5U3bb5osDywNB8RzDVlDwDHbocAJveqqj1u8+SVD7jkWT4yvsHCpWqqWqAxb0zCA==",
      "license": "MIT",
      "funding": {
        "url": "https://github.com/sponsors/ljharb"
      }
    },
    "node_modules/naughty-words": {
      "version": "1.2.0",
      "resolved": "https://registry.npmjs.org/naughty-words/-/naughty-words-1.2.0.tgz",
      "integrity": "sha512-0iadX6fN+3NsfvIRtWmmpEX9VsoIQ6n9FwyIxmew9w5yzFNqMgs/Ky0eAC/z5xXSHtqlVoByiovdROikwH9SXQ==",
      "license": "CC-BY-4.0"
    },
    "node_modules/prettyjson": {
      "version": "1.2.5",
      "resolved": "https://registry.npmjs.org/prettyjson/-/prettyjson-1.2.5.tgz",
      "integrity": "sha512-rksPWtoZb2ZpT5OVgtmy0KHVM+Dca3iVwWY9ifwhcexfjebtgjg3wmrUt9PvJ59XIYBcknQeYHD8IAnVlh9lAw==",
      "license": "MIT",
      "dependencies": {
        "colors": "1.4.0",
        "minimist": "^1.2.0"
      },
      "bin": {
        "prettyjson": "bin/prettyjson"
      }
    },
    "node_modules/profane-words": {
      "version": "1.6.0",
      "resolved": "https://registry.npmjs.org/profane-words/-/profane-words-1.6.0.tgz",
      "integrity": "sha512-BJa9m5yfTCjV+m7KxqGlK49lugCnpbEQ9MJkp/SCpVwKWq4Wiw5G0EaWcQgzY5xPtheRmM1MjF95/uqGV3oQlQ==",
      "license": "WTFPL"
    },
    "node_modules/stopword": {
      "version": "3.1.5",
      "resolved": "https://registry.npmjs.org/stopword/-/stopword-3.1.5.tgz",
      "integrity": "sha512-OgLYGVFCNa430WOrj9tYZhQge5yg6vd6JsKredveAqEhdLVQkfrpnQIGjx0L9lLqzL4Kq4J8yNTcfQR/MpBwhg==",
      "license": "MIT"
    },
    "node_modules/wordnet-db": {
      "version": "3.1.14",
      "resolved": "https://registry.npmjs.org/wordnet-db/-/wordnet-db-3.1.14.tgz",
      "integrity": "sha512-zVyFsvE+mq9MCmwXUWHIcpfbrHHClZWZiVOzKSxNJruIcFn2RbY55zkhiAMMxM8zCVSmtNiViq8FsAZSFpMYag==",
      "license": "MIT",
      "engines": {
        "node": ">=0.6.0"
      }
    }
  }
}
